
Microsoft Visual Studio Solution File, Format Version 12.00
# Visual Studio 15
VisualStudioVersion = 15.0.27130.2024
MinimumVisualStudioVersion = 10.0.40219.1
Project("{FAE04EC0-301F-11D3-BF4B-00C04F79EFBC}") = "TestanwendungEncryptedFulltextsearch", "TestanwendungEncryptedFulltextsearch\TestanwendungEncryptedFulltextsearch.csproj", "{A0837168-F866-4828-A7F5-ABDC4C6F1937}"
EndProject
Project("{FAE04EC0-301F-11D3-BF4B-00C04F79EFBC}") = "Tests", "Tests\Tests.csproj", "{4452DEA5-1E76-473E-B2EE-FE19B284A3F4}"
EndProject
Global
	GlobalSection(SolutionConfigurationPlatforms) = preSolution
		Debug|Any CPU = Debug|Any CPU
		Release|Any CPU = Release|Any CPU
	EndGlobalSection
	GlobalSection(ProjectConfigurationPlatforms) = postSolution
		{A0837168-F866-4828-A7F5-ABDC4C6F1937}.Debug|Any CPU.ActiveCfg = Debug|Any CPU
		{A0837168-F866-4828-A7F5-ABDC4C6F1937}.Debug|Any CPU.Build.0 = Debug|Any CPU
		{A0837168-F866-4828-A7F5-ABDC4C6F1937}.Release|Any CPU.ActiveCfg = Release|Any CPU
		{A0837168-F866-4828-A7F5-ABDC4C6F1937}.Release|Any CPU.Build.0 = Release|Any CPU
		{4452DEA5-1E76-473E-B2EE-FE19B284A3F4}.Debug|Any CPU.ActiveCfg = Debug|Any CPU
		{4452DEA5-1E76-473E-B2EE-FE19B284A3F4}.Debug|Any CPU.Build.0 = Debug|Any CPU
		{4452DEA5-1E76-473E-B2EE-FE19B284A3F4}.Release|Any CPU.ActiveCfg = Release|Any CPU
		{4452DEA5-1E76-473E-B2EE-FE19B284A3F4}.Release|Any CPU.Build.0 = Release|Any CPU
	EndGlobalSection
	GlobalSection(SolutionProperties) = preSolution
		HideSolutionNode = FALSE
	EndGlobalSection
	GlobalSection(ExtensibilityGlobals) = postSolution
		SolutionGuid = {DD76D7EA-D498-4ABD-9511-C167150027BF}
	EndGlobalSection
EndGlobal
